// !$*UTF8*$!
{
	archiveVersion = 1;
	classes = {
	};
	objectVersion = 77;
	objects = {

/* Begin PBXBuildFile section */
		00B849A3589A64A7AB1B348B /* MoodAnimationView.swift in Sources */ = {isa = PBXBuildFile; fileRef = C627630C9131D2B31DC3C526 /* MoodAnimationView.swift */; };
		0CEF8665638170BB2C521658 /* FeedbackView.swift in Sources */ = {isa = PBXBuildFile; fileRef = AC2223B9744D7100B2A08644 /* FeedbackView.swift */; };
		1A927A2084A1C747F6290716 /* awareness10-en-m.m4a in Resources */ = {isa = PBXBuildFile; fileRef = B02F1B7ABF69635FC669FA53 /* awareness10-en-m.m4a */; };
		1BFD926BACB01103AB50C793 /* PracticePlayerViewModel.swift in Sources */ = {isa = PBXBuildFile; fileRef = 0BC0A126CBE12C3FB013BF2B /* PracticePlayerViewModel.swift */; };
		22DC2FE5B44B510DD591A581 /* original-zh-m-intro.m4a in Resources */ = {isa = PBXBuildFile; fileRef = 63E1D8D07742980828F55AC2 /* original-zh-m-intro.m4a */; };
		28314667A1BE8619C8BC2786 /* Catalog.swift in Sources */ = {isa = PBXBuildFile; fileRef = 5A1E3187FB43814B41E66F6D /* Catalog.swift */; };
		31997CB62C9EE68BC1475AAD /* SettingsView.swift in Sources */ = {isa = PBXBuildFile; fileRef = 0474B56B3F59326744082250 /* SettingsView.swift */; };
		34253980E0F40345096D0DB0 /* awareness10-zh-m.m4a in Resources */ = {isa = PBXBuildFile; fileRef = AF142CB34452098CFD734243 /* awareness10-zh-m.m4a */; };
		4CC3D2023769C89A2333C0EF /* PracticeSettings.swift in Sources */ = {isa = PBXBuildFile; fileRef = B6DF73A4841C92DB4BC71811 /* PracticeSettings.swift */; };
		566AC70393B1AC1D3027EA4A /* original-zh-m-outro.m4a in Resources */ = {isa = PBXBuildFile; fileRef = 517787806A4C5F15476AE794 /* original-zh-m-outro.m4a */; };
		59F377C4131C42748342D492 /* original-zh-f-outro.m4a in Resources */ = {isa = PBXBuildFile; fileRef = 547F37AE591CE843A03F298E /* original-zh-f-outro.m4a */; };
		5DBDF1A0A8C83A67579A8785 /* awareness10-zh-f.m4a in Resources */ = {isa = PBXBuildFile; fileRef = AFA23A72977EBDED23570A7A /* awareness10-zh-f.m4a */; };
		65B622E88DE2FCAA2CBCB1D6 /* original-en-m-intro.m4a in Resources */ = {isa = PBXBuildFile; fileRef = AC95FB6C9AFF1AF4F451A48D /* original-en-m-intro.m4a */; };
		950DD0F28B9EDFA298D2953E /* awareness5-en-f.m4a in Resources */ = {isa = PBXBuildFile; fileRef = 869B793878255826C3A3EDF1 /* awareness5-en-f.m4a */; };
		96FD51D9CC42E2598F3BF48A /* PracticeView.swift in Sources */ = {isa = PBXBuildFile; fileRef = 937F466F186BBC2623E90259 /* PracticeView.swift */; };
		A583892EAAB91C93784306C2 /* original-en-f-intro.m4a in Resources */ = {isa = PBXBuildFile; fileRef = F6484D7D5948A3CB274D0CE4 /* original-en-f-intro.m4a */; };
		AEA7C9CD6D10DC11DDBA6B16 /* AboutView.swift in Sources */ = {isa = PBXBuildFile; fileRef = 4B81482C67ABE84D5304FADF /* AboutView.swift */; };
		B7E773E9A3F0A1374BDAE0DE /* Assets.xcassets in Resources */ = {isa = PBXBuildFile; fileRef = 114A952DB9D0937C668A0A5A /* Assets.xcassets */; };
		BBA1A89F05E3230B57FA910D /* awareness5-en-m.m4a in Resources */ = {isa = PBXBuildFile; fileRef = 103DEF145E236CD4AF504B8F /* awareness5-en-m.m4a */; };
		C17ACB18AFE8EB09EC70B476 /* Theme.swift in Sources */ = {isa = PBXBuildFile; fileRef = 25590946B5356BC89234A709 /* Theme.swift */; };
		C5B37231BF2058D61ED4160C /* awareness10-en-f.m4a in Resources */ = {isa = PBXBuildFile; fileRef = 022D31E506AFCBCF6E586516 /* awareness10-en-f.m4a */; };
		C6B233942E6134CB24916784 /* original-zh-f-intro.m4a in Resources */ = {isa = PBXBuildFile; fileRef = F4C7EB830E609F41E68A024B /* original-zh-f-intro.m4a */; };
		CC2CB64F9F8C470AEA816180 /* awareness5-zh-m.m4a in Resources */ = {isa = PBXBuildFile; fileRef = A447C49BE944B27AED28919F /* awareness5-zh-m.m4a */; };
		DA6EB3E726A5C25DDE145A81 /* awareness5-zh-f.m4a in Resources */ = {isa = PBXBuildFile; fileRef = DC28236BE26196CEB590CFEC /* awareness5-zh-f.m4a */; };
		E2103BC1930EE82FEAA8E254 /* MindfulnessPracticeApp.swift in Sources */ = {isa = PBXBuildFile; fileRef = 21669192D2FD7A260EFFFF39 /* MindfulnessPracticeApp.swift */; };
		E6571B0EF50B43EBCD65C257 /* MainTabView.swift in Sources */ = {isa = PBXBuildFile; fileRef = 8F3230A96F94975ADF9D9F14 /* MainTabView.swift */; };
		F54BC1C6ECB3C4A9A078135E /* original-en-m-outro.m4a in Resources */ = {isa = PBXBuildFile; fileRef = 08406DDA7279199858CC3C0A /* original-en-m-outro.m4a */; };
		F94F1A4260839C34195141DC /* original-en-f-outro.m4a in Resources */ = {isa = PBXBuildFile; fileRef = 78B74F32FFEA232AE53CC2A2 /* original-en-f-outro.m4a */; };
		FDEFE2328847CC70828BEB5B /* MusicPicker.swift in Sources */ = {isa = PBXBuildFile; fileRef = 250FA8660ABFF311E19592FB /* MusicPicker.swift */; };
/* End PBXBuildFile section */

/* Begin PBXFileReference section */
		022D31E506AFCBCF6E586516 /* awareness10-en-f.m4a */ = {isa = PBXFileReference; path = "awareness10-en-f.m4a"; sourceTree = "<group>"; };
		0474B56B3F59326744082250 /* SettingsView.swift */ = {isa = PBXFileReference; lastKnownFileType = sourcecode.swift; path = SettingsView.swift; sourceTree = "<group>"; };
		08406DDA7279199858CC3C0A /* original-en-m-outro.m4a */ = {isa = PBXFileReference; path = "original-en-m-outro.m4a"; sourceTree = "<group>"; };
		0BC0A126CBE12C3FB013BF2B /* PracticePlayerViewModel.swift */ = {isa = PBXFileReference; lastKnownFileType = sourcecode.swift; path = PracticePlayerViewModel.swift; sourceTree = "<group>"; };
		103DEF145E236CD4AF504B8F /* awareness5-en-m.m4a */ = {isa = PBXFileReference; path = "awareness5-en-m.m4a"; sourceTree = "<group>"; };
		114A952DB9D0937C668A0A5A /* Assets.xcassets */ = {isa = PBXFileReference; lastKnownFileType = folder.assetcatalog; path = Assets.xcassets; sourceTree = "<group>"; };
		21669192D2FD7A260EFFFF39 /* MindfulnessPracticeApp.swift */ = {isa = PBXFileReference; lastKnownFileType = sourcecode.swift; path = MindfulnessPracticeApp.swift; sourceTree = "<group>"; };
		250FA8660ABFF311E19592FB /* MusicPicker.swift */ = {isa = PBXFileReference; lastKnownFileType = sourcecode.swift; path = MusicPicker.swift; sourceTree = "<group>"; };
		25590946B5356BC89234A709 /* Theme.swift */ = {isa = PBXFileReference; lastKnownFileType = sourcecode.swift; path = Theme.swift; sourceTree = "<group>"; };
		4B81482C67ABE84D5304FADF /* AboutView.swift */ = {isa = PBXFileReference; lastKnownFileType = sourcecode.swift; path = AboutView.swift; sourceTree = "<group>"; };
		517787806A4C5F15476AE794 /* original-zh-m-outro.m4a */ = {isa = PBXFileReference; path = "original-zh-m-outro.m4a"; sourceTree = "<group>"; };
		547F37AE591CE843A03F298E /* original-zh-f-outro.m4a */ = {isa = PBXFileReference; path = "original-zh-f-outro.m4a"; sourceTree = "<group>"; };
		5A1E3187FB43814B41E66F6D /* Catalog.swift */ = {isa = PBXFileReference; lastKnownFileType = sourcecode.swift; path = Catalog.swift; sourceTree = "<group>"; };
		63E1D8D07742980828F55AC2 /* original-zh-m-intro.m4a */ = {isa = PBXFileReference; path = "original-zh-m-intro.m4a"; sourceTree = "<group>"; };
		78B74F32FFEA232AE53CC2A2 /* original-en-f-outro.m4a */ = {isa = PBXFileReference; path = "original-en-f-outro.m4a"; sourceTree = "<group>"; };
		869B793878255826C3A3EDF1 /* awareness5-en-f.m4a */ = {isa = PBXFileReference; path = "awareness5-en-f.m4a"; sourceTree = "<group>"; };
		8F3230A96F94975ADF9D9F14 /* MainTabView.swift */ = {isa = PBXFileReference; lastKnownFileType = sourcecode.swift; path = MainTabView.swift; sourceTree = "<group>"; };
		937F466F186BBC2623E90259 /* PracticeView.swift */ = {isa = PBXFileReference; lastKnownFileType = sourcecode.swift; path = PracticeView.swift; sourceTree = "<group>"; };
		A447C49BE944B27AED28919F /* awareness5-zh-m.m4a */ = {isa = PBXFileReference; path = "awareness5-zh-m.m4a"; sourceTree = "<group>"; };
		AC2223B9744D7100B2A08644 /* FeedbackView.swift */ = {isa = PBXFileReference; lastKnownFileType = sourcecode.swift; path = FeedbackView.swift; sourceTree = "<group>"; };
		AC95FB6C9AFF1AF4F451A48D /* original-en-m-intro.m4a */ = {isa = PBXFileReference; path = "original-en-m-intro.m4a"; sourceTree = "<group>"; };
		AF142CB34452098CFD734243 /* awareness10-zh-m.m4a */ = {isa = PBXFileReference; path = "awareness10-zh-m.m4a"; sourceTree = "<group>"; };
		AFA23A72977EBDED23570A7A /* awareness10-zh-f.m4a */ = {isa = PBXFileReference; path = "awareness10-zh-f.m4a"; sourceTree = "<group>"; };
		B02F1B7ABF69635FC669FA53 /* awareness10-en-m.m4a */ = {isa = PBXFileReference; path = "awareness10-en-m.m4a"; sourceTree = "<group>"; };
		B6DF73A4841C92DB4BC71811 /* PracticeSettings.swift */ = {isa = PBXFileReference; lastKnownFileType = sourcecode.swift; path = PracticeSettings.swift; sourceTree = "<group>"; };
		C627630C9131D2B31DC3C526 /* MoodAnimationView.swift */ = {isa = PBXFileReference; lastKnownFileType = sourcecode.swift; path = MoodAnimationView.swift; sourceTree = "<group>"; };
		DC28236BE26196CEB590CFEC /* awareness5-zh-f.m4a */ = {isa = PBXFileReference; path = "awareness5-zh-f.m4a"; sourceTree = "<group>"; };
		F21AAC43ABA5C7BCD59ED183 /* MindfulnessPractice.app */ = {isa = PBXFileReference; includeInIndex = 0; lastKnownFileType = wrapper.application; path = MindfulnessPractice.app; sourceTree = BUILT_PRODUCTS_DIR; };
		F4C7EB830E609F41E68A024B /* original-zh-f-intro.m4a */ = {isa = PBXFileReference; path = "original-zh-f-intro.m4a"; sourceTree = "<group>"; };
		F6484D7D5948A3CB274D0CE4 /* original-en-f-intro.m4a */ = {isa = PBXFileReference; path = "original-en-f-intro.m4a"; sourceTree = "<group>"; };
/* End PBXFileReference section */

/* Begin PBXGroup section */
		40E477E8C3650D70B0998AEC /* Products */ = {
			isa = PBXGroup;
			children = (
				F21AAC43ABA5C7BCD59ED183 /* MindfulnessPractice.app */,
			);
			name = Products;
			sourceTree = "<group>";
		};
		5340B8A9ED1092180D5D3F4E /* Resources */ = {
			isa = PBXGroup;
			children = (
				114A952DB9D0937C668A0A5A /* Assets.xcassets */,
			);
			name = Resources;
			path = MindfulnessPractice/Resources;
			sourceTree = "<group>";
		};
		5D48A5C260B6316D363755E1 /* audio */ = {
			isa = PBXGroup;
			children = (
				869B793878255826C3A3EDF1 /* awareness5-en-f.m4a */,
				103DEF145E236CD4AF504B8F /* awareness5-en-m.m4a */,
				DC28236BE26196CEB590CFEC /* awareness5-zh-f.m4a */,
				A447C49BE944B27AED28919F /* awareness5-zh-m.m4a */,
				022D31E506AFCBCF6E586516 /* awareness10-en-f.m4a */,
				B02F1B7ABF69635FC669FA53 /* awareness10-en-m.m4a */,
				AFA23A72977EBDED23570A7A /* awareness10-zh-f.m4a */,
				AF142CB34452098CFD734243 /* awareness10-zh-m.m4a */,
				F6484D7D5948A3CB274D0CE4 /* original-en-f-intro.m4a */,
				78B74F32FFEA232AE53CC2A2 /* original-en-f-outro.m4a */,
				AC95FB6C9AFF1AF4F451A48D /* original-en-m-intro.m4a */,
				08406DDA7279199858CC3C0A /* original-en-m-outro.m4a */,
				F4C7EB830E609F41E68A024B /* original-zh-f-intro.m4a */,
				547F37AE591CE843A03F298E /* original-zh-f-outro.m4a */,
				63E1D8D07742980828F55AC2 /* original-zh-m-intro.m4a */,
				517787806A4C5F15476AE794 /* original-zh-m-outro.m4a */,
			);
			name = audio;
			path = MindfulnessPractice/Resources/audio;
			sourceTree = "<group>";
		};
		A8DCED5BA14C1FBDCD968F30 = {
			isa = PBXGroup;
			children = (
				5D48A5C260B6316D363755E1 /* audio */,
				5340B8A9ED1092180D5D3F4E /* Resources */,
				B39029E75DCA65FD99846AD8 /* Sources */,
				40E477E8C3650D70B0998AEC /* Products */,
			);
			sourceTree = "<group>";
		};
		B39029E75DCA65FD99846AD8 /* Sources */ = {
			isa = PBXGroup;
			children = (
				4B81482C67ABE84D5304FADF /* AboutView.swift */,
				5A1E3187FB43814B41E66F6D /* Catalog.swift */,
				AC2223B9744D7100B2A08644 /* FeedbackView.swift */,
				8F3230A96F94975ADF9D9F14 /* MainTabView.swift */,
				21669192D2FD7A260EFFFF39 /* MindfulnessPracticeApp.swift */,
				C627630C9131D2B31DC3C526 /* MoodAnimationView.swift */,
				250FA8660ABFF311E19592FB /* MusicPicker.swift */,
				0BC0A126CBE12C3FB013BF2B /* PracticePlayerViewModel.swift */,
				B6DF73A4841C92DB4BC71811 /* PracticeSettings.swift */,
				937F466F186BBC2623E90259 /* PracticeView.swift */,
				0474B56B3F59326744082250 /* SettingsView.swift */,
				25590946B5356BC89234A709 /* Theme.swift */,
			);
			name = Sources;
			path = MindfulnessPractice/Sources;
			sourceTree = "<group>";
		};
/* End PBXGroup section */

/* Begin PBXNativeTarget section */
		82471DEBF54321FB1DF380BE /* MindfulnessPractice */ = {
			isa = PBXNativeTarget;
			buildConfigurationList = E84A9C031DEB85296E171F32 /* Build configuration list for PBXNativeTarget "MindfulnessPractice" */;
			buildPhases = (
				49A67DE2D483FF2BE7D7CC6B /* Sources */,
				6F9952C2067C99DBA6721644 /* Resources */,
			);
			buildRules = (
			);
			dependencies = (
			);
			name = MindfulnessPractice;
			packageProductDependencies = (
			);
			productName = MindfulnessPractice;
			productReference = F21AAC43ABA5C7BCD59ED183 /* MindfulnessPractice.app */;
			productType = "com.apple.product-type.application";
		};
/* End PBXNativeTarget section */

/* Begin PBXProject section */
		D04B9A05C56DA9DDE43C1B93 /* Project object */ = {
			isa = PBXProject;
			attributes = {
				BuildIndependentTargetsInParallel = YES;
				LastUpgradeCheck = 1430;
				TargetAttributes = {
				};
			};
			buildConfigurationList = 7E510A356BD71814CEDFD1AF /* Build configuration list for PBXProject "MindfulnessPractice" */;
			developmentRegion = en;
			hasScannedForEncodings = 0;
			knownRegions = (
				Base,
				en,
			);
			mainGroup = A8DCED5BA14C1FBDCD968F30;
			minimizedProjectReferenceProxies = 1;
			preferredProjectObjectVersion = 77;
			productRefGroup = 40E477E8C3650D70B0998AEC /* Products */;
			projectDirPath = "";
			projectRoot = "";
			targets = (
				82471DEBF54321FB1DF380BE /* MindfulnessPractice */,
			);
		};
/* End PBXProject section */

/* Begin PBXResourcesBuildPhase section */
		6F9952C2067C99DBA6721644 /* Resources */ = {
			isa = PBXResourcesBuildPhase;
			buildActionMask = 2147483647;
			files = (
				B7E773E9A3F0A1374BDAE0DE /* Assets.xcassets in Resources */,
				C5B37231BF2058D61ED4160C /* awareness10-en-f.m4a in Resources */,
				1A927A2084A1C747F6290716 /* awareness10-en-m.m4a in Resources */,
				5DBDF1A0A8C83A67579A8785 /* awareness10-zh-f.m4a in Resources */,
				34253980E0F40345096D0DB0 /* awareness10-zh-m.m4a in Resources */,
				950DD0F28B9EDFA298D2953E /* awareness5-en-f.m4a in Resources */,
				BBA1A89F05E3230B57FA910D /* awareness5-en-m.m4a in Resources */,
				DA6EB3E726A5C25DDE145A81 /* awareness5-zh-f.m4a in Resources */,
				CC2CB64F9F8C470AEA816180 /* awareness5-zh-m.m4a in Resources */,
				A583892EAAB91C93784306C2 /* original-en-f-intro.m4a in Resources */,
				F94F1A4260839C34195141DC /* original-en-f-outro.m4a in Resources */,
				65B622E88DE2FCAA2CBCB1D6 /* original-en-m-intro.m4a in Resources */,
				F54BC1C6ECB3C4A9A078135E /* original-en-m-outro.m4a in Resources */,
				C6B233942E6134CB24916784 /* original-zh-f-intro.m4a in Resources */,
				59F377C4131C42748342D492 /* original-zh-f-outro.m4a in Resources */,
				22DC2FE5B44B510DD591A581 /* original-zh-m-intro.m4a in Resources */,
				566AC70393B1AC1D3027EA4A /* original-zh-m-outro.m4a in Resources */,
			);
			runOnlyForDeploymentPostprocessing = 0;
		};
/* End PBXResourcesBuildPhase section */

/* Begin PBXSourcesBuildPhase section */
		49A67DE2D483FF2BE7D7CC6B /* Sources */ = {
			isa = PBXSourcesBuildPhase;
			buildActionMask = 2147483647;
			files = (
				AEA7C9CD6D10DC11DDBA6B16 /* AboutView.swift in Sources */,
				28314667A1BE8619C8BC2786 /* Catalog.swift in Sources */,
				0CEF8665638170BB2C521658 /* FeedbackView.swift in Sources */,
				E6571B0EF50B43EBCD65C257 /* MainTabView.swift in Sources */,
				E2103BC1930EE82FEAA8E254 /* MindfulnessPracticeApp.swift in Sources */,
				00B849A3589A64A7AB1B348B /* MoodAnimationView.swift in Sources */,
				FDEFE2328847CC70828BEB5B /* MusicPicker.swift in Sources */,
				1BFD926BACB01103AB50C793 /* PracticePlayerViewModel.swift in Sources */,
				4CC3D2023769C89A2333C0EF /* PracticeSettings.swift in Sources */,
				96FD51D9CC42E2598F3BF48A /* PracticeView.swift in Sources */,
				31997CB62C9EE68BC1475AAD /* SettingsView.swift in Sources */,
				C17ACB18AFE8EB09EC70B476 /* Theme.swift in Sources */,
			);
			runOnlyForDeploymentPostprocessing = 0;
		};
/* End PBXSourcesBuildPhase section */

/* Begin XCBuildConfiguration section */
		269A9252E55E0762420F7153 /* Release */ = {
			isa = XCBuildConfiguration;
			buildSettings = {
				ASSETCATALOG_COMPILER_APPICON_NAME = AppIcon;
				CODE_SIGN_IDENTITY = "iPhone Developer";
				INFOPLIST_FILE = MindfulnessPractice/Info.plist;
				LD_RUNPATH_SEARCH_PATHS = (
					"$(inherited)",
					"@executable_path/Frameworks",
				);
				PRODUCT_BUNDLE_IDENTIFIER = com.alfredang.mindfulnesspractice;
				SDKROOT = iphoneos;
				TARGETED_DEVICE_FAMILY = 1;
			};
			name = Release;
		};
		62A4D342C869CE1F61EC9966 /* Debug */ = {
			isa = XCBuildConfiguration;
			buildSettings = {
				ALWAYS_SEARCH_USER_PATHS = NO;
				CLANG_ANALYZER_NONNULL = YES;
				CLANG_ANALYZER_NUMBER_OBJECT_CONVERSION = YES_AGGRESSIVE;
				CLANG_CXX_LANGUAGE_STANDARD = "gnu++14";
				CLANG_CXX_LIBRARY = "libc++";
				CLANG_ENABLE_MODULES = YES;
				CLANG_ENABLE_OBJC_ARC = YES;
				CLANG_ENABLE_OBJC_WEAK = YES;
				CLANG_WARN_BLOCK_CAPTURE_AUTORELEASING = YES;
				CLANG_WARN_BOOL_CONVERSION = YES;
				CLANG_WARN_COMMA = YES;
				CLANG_WARN_CONSTANT_CONVERSION = YES;
				CLANG_WARN_DEPRECATED_OBJC_IMPLEMENTATIONS = YES;
				CLANG_WARN_DIRECT_OBJC_ISA_USAGE = YES_ERROR;
				CLANG_WARN_DOCUMENTATION_COMMENTS = YES;
				CLANG_WARN_EMPTY_BODY = YES;
				CLANG_WARN_ENUM_CONVERSION = YES;
				CLANG_WARN_INFINITE_RECURSION = YES;
				CLANG_WARN_INT_CONVERSION = YES;
				CLANG_WARN_NON_LITERAL_NULL_CONVERSION = YES;
				CLANG_WARN_OBJC_IMPLICIT_RETAIN_SELF = YES;
				CLANG_WARN_OBJC_LITERAL_CONVERSION = YES;
				CLANG_WARN_OBJC_ROOT_CLASS = YES_ERROR;
				CLANG_WARN_QUOTED_INCLUDE_IN_FRAMEWORK_HEADER = YES;
				CLANG_WARN_RANGE_LOOP_ANALYSIS = YES;
				CLANG_WARN_STRICT_PROTOTYPES = YES;
				CLANG_WARN_SUSPICIOUS_MOVE = YES;
				CLANG_WARN_UNGUARDED_AVAILABILITY = YES_AGGRESSIVE;
				CLANG_WARN_UNREACHABLE_CODE = YES;
				CLANG_WARN__DUPLICATE_METHOD_MATCH = YES;
				COPY_PHASE_STRIP = NO;
				CURRENT_PROJECT_VERSION = 5;
				DEBUG_INFORMATION_FORMAT = dwarf;
				ENABLE_STRICT_OBJC_MSGSEND = YES;
				ENABLE_TESTABILITY = YES;
				GCC_C_LANGUAGE_STANDARD = gnu11;
				GCC_DYNAMIC_NO_PIC = NO;
				GCC_NO_COMMON_BLOCKS = YES;
				GCC_OPTIMIZATION_LEVEL = 0;
				GCC_PREPROCESSOR_DEFINITIONS = (
					"$(inherited)",
					"DEBUG=1",
				);
				GCC_WARN_64_TO_32_BIT_CONVERSION = YES;
				GCC_WARN_ABOUT_RETURN_TYPE = YES_ERROR;
				GCC_WARN_UNDECLARED_SELECTOR = YES;
				GCC_WARN_UNINITIALIZED_AUTOS = YES_AGGRESSIVE;
				GCC_WARN_UNUSED_FUNCTION = YES;
				GCC_WARN_UNUSED_VARIABLE = YES;
				IPHONEOS_DEPLOYMENT_TARGET = 17.0;
				MARKETING_VERSION = 1.1;
				MTL_ENABLE_DEBUG_INFO = INCLUDE_SOURCE;
				MTL_FAST_MATH = YES;
				ONLY_ACTIVE_ARCH = YES;
				PRODUCT_NAME = "$(TARGET_NAME)";
				SDKROOT = iphoneos;
				SWIFT_ACTIVE_COMPILATION_CONDITIONS = DEBUG;
				SWIFT_OPTIMIZATION_LEVEL = "-Onone";
				SWIFT_VERSION = 6.0;
			};
			name = Debug;
		};
		981737BB62B33C610B485B08 /* Release */ = {
			isa = XCBuildConfiguration;
			buildSettings = {
				ALWAYS_SEARCH_USER_PATHS = NO;
				CLANG_ANALYZER_NONNULL = YES;
				CLANG_ANALYZER_NUMBER_OBJECT_CONVERSION = YES_AGGRESSIVE;
				CLANG_CXX_LANGUAGE_STANDARD = "gnu++14";
				CLANG_CXX_LIBRARY = "libc++";
				CLANG_ENABLE_MODULES = YES;
				CLANG_ENABLE_OBJC_ARC = YES;
				CLANG_ENABLE_OBJC_WEAK = YES;
				CLANG_WARN_BLOCK_CAPTURE_AUTORELEASING = YES;
				CLANG_WARN_BOOL_CONVERSION = YES;
				CLANG_WARN_COMMA = YES;
				CLANG_WARN_CONSTANT_CONVERSION = YES;
				CLANG_WARN_DEPRECATED_OBJC_IMPLEMENTATIONS = YES;
				CLANG_WARN_DIRECT_OBJC_ISA_USAGE = YES_ERROR;
				CLANG_WARN_DOCUMENTATION_COMMENTS = YES;
				CLANG_WARN_EMPTY_BODY = YES;
				CLANG_WARN_ENUM_CONVERSION = YES;
				CLANG_WARN_INFINITE_RECURSION = YES;
				CLANG_WARN_INT_CONVERSION = YES;
				CLANG_WARN_NON_LITERAL_NULL_CONVERSION = YES;
				CLANG_WARN_OBJC_IMPLICIT_RETAIN_SELF = YES;
				CLANG_WARN_OBJC_LITERAL_CONVERSION = YES;
				CLANG_WARN_OBJC_ROOT_CLASS = YES_ERROR;
				CLANG_WARN_QUOTED_INCLUDE_IN_FRAMEWORK_HEADER = YES;
				CLANG_WARN_RANGE_LOOP_ANALYSIS = YES;
				CLANG_WARN_STRICT_PROTOTYPES = YES;
				CLANG_WARN_SUSPICIOUS_MOVE = YES;
				CLANG_WARN_UNGUARDED_AVAILABILITY = YES_AGGRESSIVE;
				CLANG_WARN_UNREACHABLE_CODE = YES;
				CLANG_WARN__DUPLICATE_METHOD_MATCH = YES;
				COPY_PHASE_STRIP = NO;
				CURRENT_PROJECT_VERSION = 5;
				DEBUG_INFORMATION_FORMAT = "dwarf-with-dsym";
				ENABLE_NS_ASSERTIONS = NO;
				ENABLE_STRICT_OBJC_MSGSEND = YES;
				GCC_C_LANGUAGE_STANDARD = gnu11;
				GCC_NO_COMMON_BLOCKS = YES;
				GCC_WARN_64_TO_32_BIT_CONVERSION = YES;
				GCC_WARN_ABOUT_RETURN_TYPE = YES_ERROR;
				GCC_WARN_UNDECLARED_SELECTOR = YES;
				GCC_WARN_UNINITIALIZED_AUTOS = YES_AGGRESSIVE;
				GCC_WARN_UNUSED_FUNCTION = YES;
				GCC_WARN_UNUSED_VARIABLE = YES;
				IPHONEOS_DEPLOYMENT_TARGET = 17.0;
				MARKETING_VERSION = 1.1;
				MTL_ENABLE_DEBUG_INFO = NO;
				MTL_FAST_MATH = YES;
				PRODUCT_NAME = "$(TARGET_NAME)";
				SDKROOT = iphoneos;
				SWIFT_COMPILATION_MODE = wholemodule;
				SWIFT_OPTIMIZATION_LEVEL = "-O";
				SWIFT_VERSION = 6.0;
			};
			name = Release;
		};
		BCEAB0E1F342CCAAF85DC783 /* Debug */ = {
			isa = XCBuildConfiguration;
			buildSettings = {
				ASSETCATALOG_COMPILER_APPICON_NAME = AppIcon;
				CODE_SIGN_IDENTITY = "iPhone Developer";
				INFOPLIST_FILE = MindfulnessPractice/Info.plist;
				LD_RUNPATH_SEARCH_PATHS = (
					"$(inherited)",
					"@executable_path/Frameworks",
				);
				PRODUCT_BUNDLE_IDENTIFIER = com.alfredang.mindfulnesspractice;
				SDKROOT = iphoneos;
				TARGETED_DEVICE_FAMILY = 1;
			};
			name = Debug;
		};
/* End XCBuildConfiguration section */

/* Begin XCConfigurationList section */
		7E510A356BD71814CEDFD1AF /* Build configuration list for PBXProject "MindfulnessPractice" */ = {
			isa = XCConfigurationList;
			buildConfigurations = (
				62A4D342C869CE1F61EC9966 /* Debug */,
				981737BB62B33C610B485B08 /* Release */,
			);
			defaultConfigurationIsVisible = 0;
			defaultConfigurationName = Debug;
		};
		E84A9C031DEB85296E171F32 /* Build configuration list for PBXNativeTarget "MindfulnessPractice" */ = {
			isa = XCConfigurationList;
			buildConfigurations = (
				BCEAB0E1F342CCAAF85DC783 /* Debug */,
				269A9252E55E0762420F7153 /* Release */,
			);
			defaultConfigurationIsVisible = 0;
			defaultConfigurationName = Debug;
		};
/* End XCConfigurationList section */
	};
	rootObject = D04B9A05C56DA9DDE43C1B93 /* Project object */;
}
